
Microsoft Visual Studio Solution File, Format Version 12.00
# Visual Studio 15
VisualStudioVersion = 15.0.28307.852
MinimumVisualStudioVersion = 10.0.40219.1
Project("{2150E333-8FDC-42A3-9474-1A3956D46DE8}") = "0_Helpers", "0_Helpers", "{ECE232A6-DE8C-4C2B-88E2-066188F18675}"
EndProject
Project("{2150E333-8FDC-42A3-9474-1A3956D46DE8}") = "Convert", "Convert", "{2BB6872B-ADDA-4FB6-8D33-610208308ED5}"
EndProject
Project("{2150E333-8FDC-42A3-9474-1A3956D46DE8}") = "Logger", "Logger", "{705FDF95-DB4C-45B0-9DEC-47C4ACD3F097}"
EndProject
Project("{2150E333-8FDC-42A3-9474-1A3956D46DE8}") = "1_Adapters", "1_Adapters", "{F9B2AA87-FBEF-4FC4-88CF-1A8828B0139C}"
EndProject
Project("{2150E333-8FDC-42A3-9474-1A3956D46DE8}") = "EmailAdapter", "EmailAdapter", "{2E98AB65-2B28-4E91-B830-E92CF94760C7}"
EndProject
Project("{2150E333-8FDC-42A3-9474-1A3956D46DE8}") = "SMSAdapter", "SMSAdapter", "{CC5C5B11-90BC-4EC4-95C7-467761FD1377}"
EndProject
Project("{2150E333-8FDC-42A3-9474-1A3956D46DE8}") = "X", "X", "{78275FB7-637C-4D2D-AF52-6C124358CE0F}"
EndProject
Project("{2150E333-8FDC-42A3-9474-1A3956D46DE8}") = "Y", "Y", "{96C631BA-41A2-4728-85EB-ECAB892E59D0}"
EndProject
Project("{2150E333-8FDC-42A3-9474-1A3956D46DE8}") = "2_Entities", "2_Entities", "{C1CCD899-7CBD-46D5-8003-F66A454B3C49}"
EndProject
Project("{2150E333-8FDC-42A3-9474-1A3956D46DE8}") = "Enum", "Enum", "{B54A1A21-A28D-4E71-99E7-7D2ECFD13AFD}"
EndProject
Project("{2150E333-8FDC-42A3-9474-1A3956D46DE8}") = "Map", "Map", "{67815F20-8DEF-43E9-8170-EC72B0872956}"
EndProject
Project("{2150E333-8FDC-42A3-9474-1A3956D46DE8}") = "Model", "Model", "{5675A29F-79B5-4E10-9D6C-E29E998941F5}"
EndProject
Project("{2150E333-8FDC-42A3-9474-1A3956D46DE8}") = "ViewModel", "ViewModel", "{6DBBEBB7-2B77-4074-9989-17C0BBAB07D1}"
EndProject
Project("{2150E333-8FDC-42A3-9474-1A3956D46DE8}") = "Validation", "Validation", "{C54E0F5B-0813-4E29-B06F-BA08C4CB01FB}"
EndProject
Project("{2150E333-8FDC-42A3-9474-1A3956D46DE8}") = "3_Data", "3_Data", "{16D8281C-D8B0-4E53-B2C3-E1EF54103190}"
EndProject
Project("{2150E333-8FDC-42A3-9474-1A3956D46DE8}") = "Interface", "Interface", "{C1F1CDFC-4D5C-4A57-8B4F-B61E2FBCDBFC}"
EndProject
Project("{2150E333-8FDC-42A3-9474-1A3956D46DE8}") = "GenericRepository", "GenericRepository", "{B5DF692B-DFC5-429F-A0C5-2371C38B2C5D}"
EndProject
Project("{2150E333-8FDC-42A3-9474-1A3956D46DE8}") = "4_Business", "4_Business", "{4C672D9C-AAAB-438E-9A59-F8F48831F267}"
EndProject
Project("{2150E333-8FDC-42A3-9474-1A3956D46DE8}") = "Interface", "Interface", "{EECD2853-36E3-49AC-8546-592872849697}"
EndProject
Project("{2150E333-8FDC-42A3-9474-1A3956D46DE8}") = "Host", "Host", "{2D403CF8-9225-4C35-8A40-253A14300F29}"
EndProject
Global
	GlobalSection(SolutionProperties) = preSolution
		HideSolutionNode = FALSE
	EndGlobalSection
	GlobalSection(NestedProjects) = preSolution
		{2BB6872B-ADDA-4FB6-8D33-610208308ED5} = {ECE232A6-DE8C-4C2B-88E2-066188F18675}
		{705FDF95-DB4C-45B0-9DEC-47C4ACD3F097} = {ECE232A6-DE8C-4C2B-88E2-066188F18675}
		{2E98AB65-2B28-4E91-B830-E92CF94760C7} = {F9B2AA87-FBEF-4FC4-88CF-1A8828B0139C}
		{CC5C5B11-90BC-4EC4-95C7-467761FD1377} = {F9B2AA87-FBEF-4FC4-88CF-1A8828B0139C}
		{78275FB7-637C-4D2D-AF52-6C124358CE0F} = {CC5C5B11-90BC-4EC4-95C7-467761FD1377}
		{96C631BA-41A2-4728-85EB-ECAB892E59D0} = {CC5C5B11-90BC-4EC4-95C7-467761FD1377}
		{B54A1A21-A28D-4E71-99E7-7D2ECFD13AFD} = {C1CCD899-7CBD-46D5-8003-F66A454B3C49}
		{67815F20-8DEF-43E9-8170-EC72B0872956} = {C1CCD899-7CBD-46D5-8003-F66A454B3C49}
		{5675A29F-79B5-4E10-9D6C-E29E998941F5} = {C1CCD899-7CBD-46D5-8003-F66A454B3C49}
		{6DBBEBB7-2B77-4074-9989-17C0BBAB07D1} = {C1CCD899-7CBD-46D5-8003-F66A454B3C49}
		{C54E0F5B-0813-4E29-B06F-BA08C4CB01FB} = {C1CCD899-7CBD-46D5-8003-F66A454B3C49}
		{C1F1CDFC-4D5C-4A57-8B4F-B61E2FBCDBFC} = {16D8281C-D8B0-4E53-B2C3-E1EF54103190}
		{B5DF692B-DFC5-429F-A0C5-2371C38B2C5D} = {16D8281C-D8B0-4E53-B2C3-E1EF54103190}
		{EECD2853-36E3-49AC-8546-592872849697} = {4C672D9C-AAAB-438E-9A59-F8F48831F267}
		{2D403CF8-9225-4C35-8A40-253A14300F29} = {4C672D9C-AAAB-438E-9A59-F8F48831F267}
	EndGlobalSection
	GlobalSection(ExtensibilityGlobals) = postSolution
		SolutionGuid = {768589D2-A353-4E44-BCCA-1333A14F20DF}
	EndGlobalSection
EndGlobal
