
Microsoft Visual Studio Solution File, Format Version 12.00
# Visual Studio 15
VisualStudioVersion = 15.0.28307.852
MinimumVisualStudioVersion = 10.0.40219.1
Project("{2150E333-8FDC-42A3-9474-1A3956D46DE8}") = "0_Helpers", "0_Helpers", "{ECE232A6-DE8C-4C2B-88E2-066188F18675}"
EndProject
Project("{2150E333-8FDC-42A3-9474-1A3956D46DE8}") = "Convert", "Convert", "{2BB6872B-ADDA-4FB6-8D33-610208308ED5}"
EndProject
Project("{2150E333-8FDC-42A3-9474-1A3956D46DE8}") = "Logger", "Logger", "{705FDF95-DB4C-45B0-9DEC-47C4ACD3F097}"
EndProject
Project("{2150E333-8FDC-42A3-9474-1A3956D46DE8}") = "1_Adapters", "1_Adapters", "{F9B2AA87-FBEF-4FC4-88CF-1A8828B0139C}"
EndProject
Project("{2150E333-8FDC-42A3-9474-1A3956D46DE8}") = "EmailAdapter", "EmailAdapter", "{2E98AB65-2B28-4E91-B830-E92CF94760C7}"
EndProject
Project("{2150E333-8FDC-42A3-9474-1A3956D46DE8}") = "SMSAdapter", "SMSAdapter", "{CC5C5B11-90BC-4EC4-95C7-467761FD1377}"
EndProject
Project("{2150E333-8FDC-42A3-9474-1A3956D46DE8}") = "X", "X", "{78275FB7-637C-4D2D-AF52-6C124358CE0F}"
EndProject
Project("{2150E333-8FDC-42A3-9474-1A3956D46DE8}") = "Y", "Y", "{96C631BA-41A2-4728-85EB-ECAB892E59D0}"
EndProject
Project("{2150E333-8FDC-42A3-9474-1A3956D46DE8}") = "2_Entities", "2_Entities", "{C1CCD899-7CBD-46D5-8003-F66A454B3C49}"
EndProject
Project("{2150E333-8FDC-42A3-9474-1A3956D46DE8}") = "Enum", "Enum", "{B54A1A21-A28D-4E71-99E7-7D2ECFD13AFD}"
EndProject
Project("{2150E333-8FDC-42A3-9474-1A3956D46DE8}") = "Map", "Map", "{67815F20-8DEF-43E9-8170-EC72B0872956}"
EndProject
Project("{2150E333-8FDC-42A3-9474-1A3956D46DE8}") = "Model", "Model", "{5675A29F-79B5-4E10-9D6C-E29E998941F5}"
EndProject
Project("{2150E333-8FDC-42A3-9474-1A3956D46DE8}") = "ViewModel", "ViewModel", "{6DBBEBB7-2B77-4074-9989-17C0BBAB07D1}"
EndProject
Project("{2150E333-8FDC-42A3-9474-1A3956D46DE8}") = "Validation", "Validation", "{C54E0F5B-0813-4E29-B06F-BA08C4CB01FB}"
EndProject
Project("{2150E333-8FDC-42A3-9474-1A3956D46DE8}") = "3_Data", "3_Data", "{16D8281C-D8B0-4E53-B2C3-E1EF54103190}"
EndProject
Project("{2150E333-8FDC-42A3-9474-1A3956D46DE8}") = "Interface", "Interface", "{C1F1CDFC-4D5C-4A57-8B4F-B61E2FBCDBFC}"
EndProject
Project("{2150E333-8FDC-42A3-9474-1A3956D46DE8}") = "4_Business", "4_Business", "{4C672D9C-AAAB-438E-9A59-F8F48831F267}"
EndProject
Project("{2150E333-8FDC-42A3-9474-1A3956D46DE8}") = "Interface", "Interface", "{EECD2853-36E3-49AC-8546-592872849697}"
EndProject
Project("{2150E333-8FDC-42A3-9474-1A3956D46DE8}") = "Host", "Host", "{2D403CF8-9225-4C35-8A40-253A14300F29}"
EndProject
Project("{2150E333-8FDC-42A3-9474-1A3956D46DE8}") = "5_Presentation", "5_Presentation", "{2A1C3D88-A314-442B-B2F9-DA2168E35359}"
EndProject
Project("{2150E333-8FDC-42A3-9474-1A3956D46DE8}") = "WinForm", "WinForm", "{7DE96D8A-4062-41F0-8DF3-D17897214ADD}"
EndProject
Project("{2150E333-8FDC-42A3-9474-1A3956D46DE8}") = "WebForm", "WebForm", "{D62BB825-E3E7-4A36-818E-24182743DEA5}"
EndProject
Project("{2150E333-8FDC-42A3-9474-1A3956D46DE8}") = "9_Tests", "9_Tests", "{83B5D2F1-8EC4-4C45-BE99-116A0ACBD253}"
EndProject
Project("{2150E333-8FDC-42A3-9474-1A3956D46DE8}") = "0_HelpersTests", "0_HelpersTests", "{A80B02EB-90AF-4D4D-98AE-4DA2E5173DB7}"
EndProject
Project("{2150E333-8FDC-42A3-9474-1A3956D46DE8}") = "1_AdaptersTests", "1_AdaptersTests", "{38B598A4-2381-4129-9848-E2DFF7E17476}"
EndProject
Project("{2150E333-8FDC-42A3-9474-1A3956D46DE8}") = "2_EntitiesTests", "2_EntitiesTests", "{2DEAD16B-E548-4008-84FF-B06107B5952D}"
EndProject
Project("{2150E333-8FDC-42A3-9474-1A3956D46DE8}") = "3_DataTests", "3_DataTests", "{9DC6932D-1DA1-4A2C-B3CC-95A65B3CCA90}"
EndProject
Project("{2150E333-8FDC-42A3-9474-1A3956D46DE8}") = "4_BusinessTests", "4_BusinessTests", "{95E8DE9D-C860-4710-8B31-E90AE2FA4026}"
EndProject
Project("{2150E333-8FDC-42A3-9474-1A3956D46DE8}") = "5_PresentationTests", "5_PresentationTests", "{71ECE7FB-E05A-43DD-8BB5-8C6F949C4DFF}"
EndProject
Project("{FAE04EC0-301F-11D3-BF4B-00C04F79EFBC}") = "NTier.Entities.Model", "NTier.Entities.Model\NTier.Entities.Model.csproj", "{9448E56B-62F0-489E-8444-610090D9C83B}"
EndProject
Project("{FAE04EC0-301F-11D3-BF4B-00C04F79EFBC}") = "NTier.Entities.Enum", "NTier.Entities.Enum\NTier.Entities.Enum.csproj", "{04D5A2B6-4039-4BF1-B7B8-2958349E64DD}"
EndProject
Project("{2150E333-8FDC-42A3-9474-1A3956D46DE8}") = "Infrastructure", "Infrastructure", "{A1BC36B2-F7AD-4331-9DDB-58B1536F0698}"
EndProject
Project("{FAE04EC0-301F-11D3-BF4B-00C04F79EFBC}") = "NTier.Entities.Infrastructure", "NTier.Entities.Infrastructure\NTier.Entities.Infrastructure.csproj", "{5FF90BBE-A2F4-4109-BC53-E0F3F62BB2A2}"
EndProject
Project("{FAE04EC0-301F-11D3-BF4B-00C04F79EFBC}") = "NTier.Data.Interface", "NTier.Data.Interface\NTier.Data.Interface.csproj", "{EFD11907-A111-44DA-B504-C6DC6542F516}"
EndProject
Project("{2150E333-8FDC-42A3-9474-1A3956D46DE8}") = "Repository", "Repository", "{39065BA5-43A0-405B-B02C-A5A7D914F2CE}"
EndProject
Project("{FAE04EC0-301F-11D3-BF4B-00C04F79EFBC}") = "NTier.Data.Repository", "NTier.Data.Repository\NTier.Data.Repository.csproj", "{F4BAF437-7AEA-4FAC-9833-96B9703F325E}"
EndProject
Project("{FAE04EC0-301F-11D3-BF4B-00C04F79EFBC}") = "NTier.Business.Interface", "NTier.Business.Interface\NTier.Business.Interface.csproj", "{0DD65DCC-1CA9-4F55-8978-0C0D96EB4044}"
EndProject
Project("{FAE04EC0-301F-11D3-BF4B-00C04F79EFBC}") = "NTier.Entities.ViewModel.Operation", "NTier.Entities.ViewModel.Operation\NTier.Entities.ViewModel.Operation.csproj", "{A57D3E24-3267-453C-AD54-4426F70C13F8}"
EndProject
Project("{FAE04EC0-301F-11D3-BF4B-00C04F79EFBC}") = "NTier.Business.Host", "NTier.Business.Host\NTier.Business.Host.csproj", "{34772361-5C06-4466-9F2D-E06BFF15CFDC}"
EndProject
Project("{2150E333-8FDC-42A3-9474-1A3956D46DE8}") = "Console", "Console", "{DF6E37DA-35E9-400A-B85B-7869971A4EB1}"
EndProject
Project("{FAE04EC0-301F-11D3-BF4B-00C04F79EFBC}") = "NTier.Presentation.Console", "NTier.Presentation.Console\NTier.Presentation.Console.csproj", "{92CAFB82-F6A5-4A54-96AE-9E11F189AFCA}"
EndProject
Project("{FAE04EC0-301F-11D3-BF4B-00C04F79EFBC}") = "NTier.Entities.Validation", "NTier.Entities.Validation\NTier.Entities.Validation.csproj", "{8FB306D1-77CD-4694-857A-1CED43E1CACD}"
EndProject
Project("{FAE04EC0-301F-11D3-BF4B-00C04F79EFBC}") = "NTier.Tests.EntitiesTests", "NTier.Tests.EntitiesTests\NTier.Tests.EntitiesTests.csproj", "{A06D77E0-426C-40C9-8CAE-B9381B415FC6}"
EndProject
Project("{FAE04EC0-301F-11D3-BF4B-00C04F79EFBC}") = "NTier.Tests.DataTests", "NTier.Tests.DataTests\NTier.Tests.DataTests.csproj", "{98470C60-0805-4710-A145-B2CEAFAB73BD}"
EndProject
Project("{FAE04EC0-301F-11D3-BF4B-00C04F79EFBC}") = "NTier.Tests.BusinessTests", "NTier.Tests.BusinessTests\NTier.Tests.BusinessTests.csproj", "{CECC968F-2BDD-4F4D-9288-675621D1C1E7}"
EndProject
Global
	GlobalSection(SolutionConfigurationPlatforms) = preSolution
		Debug|Any CPU = Debug|Any CPU
		Release|Any CPU = Release|Any CPU
	EndGlobalSection
	GlobalSection(ProjectConfigurationPlatforms) = postSolution
		{9448E56B-62F0-489E-8444-610090D9C83B}.Debug|Any CPU.ActiveCfg = Debug|Any CPU
		{9448E56B-62F0-489E-8444-610090D9C83B}.Debug|Any CPU.Build.0 = Debug|Any CPU
		{9448E56B-62F0-489E-8444-610090D9C83B}.Release|Any CPU.ActiveCfg = Release|Any CPU
		{9448E56B-62F0-489E-8444-610090D9C83B}.Release|Any CPU.Build.0 = Release|Any CPU
		{04D5A2B6-4039-4BF1-B7B8-2958349E64DD}.Debug|Any CPU.ActiveCfg = Debug|Any CPU
		{04D5A2B6-4039-4BF1-B7B8-2958349E64DD}.Debug|Any CPU.Build.0 = Debug|Any CPU
		{04D5A2B6-4039-4BF1-B7B8-2958349E64DD}.Release|Any CPU.ActiveCfg = Release|Any CPU
		{04D5A2B6-4039-4BF1-B7B8-2958349E64DD}.Release|Any CPU.Build.0 = Release|Any CPU
		{5FF90BBE-A2F4-4109-BC53-E0F3F62BB2A2}.Debug|Any CPU.ActiveCfg = Debug|Any CPU
		{5FF90BBE-A2F4-4109-BC53-E0F3F62BB2A2}.Debug|Any CPU.Build.0 = Debug|Any CPU
		{5FF90BBE-A2F4-4109-BC53-E0F3F62BB2A2}.Release|Any CPU.ActiveCfg = Release|Any CPU
		{5FF90BBE-A2F4-4109-BC53-E0F3F62BB2A2}.Release|Any CPU.Build.0 = Release|Any CPU
		{EFD11907-A111-44DA-B504-C6DC6542F516}.Debug|Any CPU.ActiveCfg = Debug|Any CPU
		{EFD11907-A111-44DA-B504-C6DC6542F516}.Debug|Any CPU.Build.0 = Debug|Any CPU
		{EFD11907-A111-44DA-B504-C6DC6542F516}.Release|Any CPU.ActiveCfg = Release|Any CPU
		{EFD11907-A111-44DA-B504-C6DC6542F516}.Release|Any CPU.Build.0 = Release|Any CPU
		{F4BAF437-7AEA-4FAC-9833-96B9703F325E}.Debug|Any CPU.ActiveCfg = Debug|Any CPU
		{F4BAF437-7AEA-4FAC-9833-96B9703F325E}.Debug|Any CPU.Build.0 = Debug|Any CPU
		{F4BAF437-7AEA-4FAC-9833-96B9703F325E}.Release|Any CPU.ActiveCfg = Release|Any CPU
		{F4BAF437-7AEA-4FAC-9833-96B9703F325E}.Release|Any CPU.Build.0 = Release|Any CPU
		{0DD65DCC-1CA9-4F55-8978-0C0D96EB4044}.Debug|Any CPU.ActiveCfg = Debug|Any CPU
		{0DD65DCC-1CA9-4F55-8978-0C0D96EB4044}.Debug|Any CPU.Build.0 = Debug|Any CPU
		{0DD65DCC-1CA9-4F55-8978-0C0D96EB4044}.Release|Any CPU.ActiveCfg = Release|Any CPU
		{0DD65DCC-1CA9-4F55-8978-0C0D96EB4044}.Release|Any CPU.Build.0 = Release|Any CPU
		{A57D3E24-3267-453C-AD54-4426F70C13F8}.Debug|Any CPU.ActiveCfg = Debug|Any CPU
		{A57D3E24-3267-453C-AD54-4426F70C13F8}.Debug|Any CPU.Build.0 = Debug|Any CPU
		{A57D3E24-3267-453C-AD54-4426F70C13F8}.Release|Any CPU.ActiveCfg = Release|Any CPU
		{A57D3E24-3267-453C-AD54-4426F70C13F8}.Release|Any CPU.Build.0 = Release|Any CPU
		{34772361-5C06-4466-9F2D-E06BFF15CFDC}.Debug|Any CPU.ActiveCfg = Debug|Any CPU
		{34772361-5C06-4466-9F2D-E06BFF15CFDC}.Debug|Any CPU.Build.0 = Debug|Any CPU
		{34772361-5C06-4466-9F2D-E06BFF15CFDC}.Release|Any CPU.ActiveCfg = Release|Any CPU
		{34772361-5C06-4466-9F2D-E06BFF15CFDC}.Release|Any CPU.Build.0 = Release|Any CPU
		{92CAFB82-F6A5-4A54-96AE-9E11F189AFCA}.Debug|Any CPU.ActiveCfg = Debug|Any CPU
		{92CAFB82-F6A5-4A54-96AE-9E11F189AFCA}.Debug|Any CPU.Build.0 = Debug|Any CPU
		{92CAFB82-F6A5-4A54-96AE-9E11F189AFCA}.Release|Any CPU.ActiveCfg = Release|Any CPU
		{92CAFB82-F6A5-4A54-96AE-9E11F189AFCA}.Release|Any CPU.Build.0 = Release|Any CPU
		{8FB306D1-77CD-4694-857A-1CED43E1CACD}.Debug|Any CPU.ActiveCfg = Debug|Any CPU
		{8FB306D1-77CD-4694-857A-1CED43E1CACD}.Debug|Any CPU.Build.0 = Debug|Any CPU
		{8FB306D1-77CD-4694-857A-1CED43E1CACD}.Release|Any CPU.ActiveCfg = Release|Any CPU
		{8FB306D1-77CD-4694-857A-1CED43E1CACD}.Release|Any CPU.Build.0 = Release|Any CPU
		{A06D77E0-426C-40C9-8CAE-B9381B415FC6}.Debug|Any CPU.ActiveCfg = Debug|Any CPU
		{A06D77E0-426C-40C9-8CAE-B9381B415FC6}.Debug|Any CPU.Build.0 = Debug|Any CPU
		{A06D77E0-426C-40C9-8CAE-B9381B415FC6}.Release|Any CPU.ActiveCfg = Release|Any CPU
		{A06D77E0-426C-40C9-8CAE-B9381B415FC6}.Release|Any CPU.Build.0 = Release|Any CPU
		{98470C60-0805-4710-A145-B2CEAFAB73BD}.Debug|Any CPU.ActiveCfg = Debug|Any CPU
		{98470C60-0805-4710-A145-B2CEAFAB73BD}.Debug|Any CPU.Build.0 = Debug|Any CPU
		{98470C60-0805-4710-A145-B2CEAFAB73BD}.Release|Any CPU.ActiveCfg = Release|Any CPU
		{98470C60-0805-4710-A145-B2CEAFAB73BD}.Release|Any CPU.Build.0 = Release|Any CPU
		{CECC968F-2BDD-4F4D-9288-675621D1C1E7}.Debug|Any CPU.ActiveCfg = Debug|Any CPU
		{CECC968F-2BDD-4F4D-9288-675621D1C1E7}.Debug|Any CPU.Build.0 = Debug|Any CPU
		{CECC968F-2BDD-4F4D-9288-675621D1C1E7}.Release|Any CPU.ActiveCfg = Release|Any CPU
		{CECC968F-2BDD-4F4D-9288-675621D1C1E7}.Release|Any CPU.Build.0 = Release|Any CPU
	EndGlobalSection
	GlobalSection(SolutionProperties) = preSolution
		HideSolutionNode = FALSE
	EndGlobalSection
	GlobalSection(NestedProjects) = preSolution
		{2BB6872B-ADDA-4FB6-8D33-610208308ED5} = {ECE232A6-DE8C-4C2B-88E2-066188F18675}
		{705FDF95-DB4C-45B0-9DEC-47C4ACD3F097} = {ECE232A6-DE8C-4C2B-88E2-066188F18675}
		{2E98AB65-2B28-4E91-B830-E92CF94760C7} = {F9B2AA87-FBEF-4FC4-88CF-1A8828B0139C}
		{CC5C5B11-90BC-4EC4-95C7-467761FD1377} = {F9B2AA87-FBEF-4FC4-88CF-1A8828B0139C}
		{78275FB7-637C-4D2D-AF52-6C124358CE0F} = {CC5C5B11-90BC-4EC4-95C7-467761FD1377}
		{96C631BA-41A2-4728-85EB-ECAB892E59D0} = {CC5C5B11-90BC-4EC4-95C7-467761FD1377}
		{B54A1A21-A28D-4E71-99E7-7D2ECFD13AFD} = {C1CCD899-7CBD-46D5-8003-F66A454B3C49}
		{67815F20-8DEF-43E9-8170-EC72B0872956} = {C1CCD899-7CBD-46D5-8003-F66A454B3C49}
		{5675A29F-79B5-4E10-9D6C-E29E998941F5} = {C1CCD899-7CBD-46D5-8003-F66A454B3C49}
		{6DBBEBB7-2B77-4074-9989-17C0BBAB07D1} = {C1CCD899-7CBD-46D5-8003-F66A454B3C49}
		{C54E0F5B-0813-4E29-B06F-BA08C4CB01FB} = {C1CCD899-7CBD-46D5-8003-F66A454B3C49}
		{C1F1CDFC-4D5C-4A57-8B4F-B61E2FBCDBFC} = {16D8281C-D8B0-4E53-B2C3-E1EF54103190}
		{EECD2853-36E3-49AC-8546-592872849697} = {4C672D9C-AAAB-438E-9A59-F8F48831F267}
		{2D403CF8-9225-4C35-8A40-253A14300F29} = {4C672D9C-AAAB-438E-9A59-F8F48831F267}
		{7DE96D8A-4062-41F0-8DF3-D17897214ADD} = {2A1C3D88-A314-442B-B2F9-DA2168E35359}
		{D62BB825-E3E7-4A36-818E-24182743DEA5} = {2A1C3D88-A314-442B-B2F9-DA2168E35359}
		{A80B02EB-90AF-4D4D-98AE-4DA2E5173DB7} = {83B5D2F1-8EC4-4C45-BE99-116A0ACBD253}
		{38B598A4-2381-4129-9848-E2DFF7E17476} = {83B5D2F1-8EC4-4C45-BE99-116A0ACBD253}
		{2DEAD16B-E548-4008-84FF-B06107B5952D} = {83B5D2F1-8EC4-4C45-BE99-116A0ACBD253}
		{9DC6932D-1DA1-4A2C-B3CC-95A65B3CCA90} = {83B5D2F1-8EC4-4C45-BE99-116A0ACBD253}
		{95E8DE9D-C860-4710-8B31-E90AE2FA4026} = {83B5D2F1-8EC4-4C45-BE99-116A0ACBD253}
		{71ECE7FB-E05A-43DD-8BB5-8C6F949C4DFF} = {83B5D2F1-8EC4-4C45-BE99-116A0ACBD253}
		{9448E56B-62F0-489E-8444-610090D9C83B} = {5675A29F-79B5-4E10-9D6C-E29E998941F5}
		{04D5A2B6-4039-4BF1-B7B8-2958349E64DD} = {B54A1A21-A28D-4E71-99E7-7D2ECFD13AFD}
		{A1BC36B2-F7AD-4331-9DDB-58B1536F0698} = {C1CCD899-7CBD-46D5-8003-F66A454B3C49}
		{5FF90BBE-A2F4-4109-BC53-E0F3F62BB2A2} = {A1BC36B2-F7AD-4331-9DDB-58B1536F0698}
		{EFD11907-A111-44DA-B504-C6DC6542F516} = {C1F1CDFC-4D5C-4A57-8B4F-B61E2FBCDBFC}
		{39065BA5-43A0-405B-B02C-A5A7D914F2CE} = {16D8281C-D8B0-4E53-B2C3-E1EF54103190}
		{F4BAF437-7AEA-4FAC-9833-96B9703F325E} = {39065BA5-43A0-405B-B02C-A5A7D914F2CE}
		{0DD65DCC-1CA9-4F55-8978-0C0D96EB4044} = {EECD2853-36E3-49AC-8546-592872849697}
		{A57D3E24-3267-453C-AD54-4426F70C13F8} = {6DBBEBB7-2B77-4074-9989-17C0BBAB07D1}
		{34772361-5C06-4466-9F2D-E06BFF15CFDC} = {2D403CF8-9225-4C35-8A40-253A14300F29}
		{DF6E37DA-35E9-400A-B85B-7869971A4EB1} = {2A1C3D88-A314-442B-B2F9-DA2168E35359}
		{92CAFB82-F6A5-4A54-96AE-9E11F189AFCA} = {DF6E37DA-35E9-400A-B85B-7869971A4EB1}
		{8FB306D1-77CD-4694-857A-1CED43E1CACD} = {C54E0F5B-0813-4E29-B06F-BA08C4CB01FB}
		{A06D77E0-426C-40C9-8CAE-B9381B415FC6} = {2DEAD16B-E548-4008-84FF-B06107B5952D}
		{98470C60-0805-4710-A145-B2CEAFAB73BD} = {9DC6932D-1DA1-4A2C-B3CC-95A65B3CCA90}
		{CECC968F-2BDD-4F4D-9288-675621D1C1E7} = {95E8DE9D-C860-4710-8B31-E90AE2FA4026}
	EndGlobalSection
	GlobalSection(ExtensibilityGlobals) = postSolution
		SolutionGuid = {768589D2-A353-4E44-BCCA-1333A14F20DF}
	EndGlobalSection
EndGlobal
